
Microsoft Visual Studio Solution File, Format Version 12.00
# Visual Studio Version 17
VisualStudioVersion = 17.8.34330.188
MinimumVisualStudioVersion = 10.0.40219.1
Project("{FAE04EC0-301F-11D3-BF4B-00C04F79EFBC}") = "BethanysPieShopHRM", "BethanysPieShopHRM\BethanysPieShopHRM.csproj", "{E5B0DE65-EA64-40A5-B14F-F41B94C47AC6}"
EndProject
Project("{FAE04EC0-301F-11D3-BF4B-00C04F79EFBC}") = "BethanysPieShopHRM.Tests", "BethanysPieShopHRM.Tests\BethanysPieShopHRM.Tests.csproj", "{38C03F11-0370-4188-A4DC-27D7ED1BF7CA}"
EndProject
Global
	GlobalSection(SolutionConfigurationPlatforms) = preSolution
		Debug|Any CPU = Debug|Any CPU
		Release|Any CPU = Release|Any CPU
	EndGlobalSection
	GlobalSection(ProjectConfigurationPlatforms) = postSolution
		{E5B0DE65-EA64-40A5-B14F-F41B94C47AC6}.Debug|Any CPU.ActiveCfg = Debug|Any CPU
		{E5B0DE65-EA64-40A5-B14F-F41B94C47AC6}.Debug|Any CPU.Build.0 = Debug|Any CPU
		{E5B0DE65-EA64-40A5-B14F-F41B94C47AC6}.Release|Any CPU.ActiveCfg = Release|Any CPU
		{E5B0DE65-EA64-40A5-B14F-F41B94C47AC6}.Release|Any CPU.Build.0 = Release|Any CPU
		{38C03F11-0370-4188-A4DC-27D7ED1BF7CA}.Debug|Any CPU.ActiveCfg = Debug|Any CPU
		{38C03F11-0370-4188-A4DC-27D7ED1BF7CA}.Debug|Any CPU.Build.0 = Debug|Any CPU
		{38C03F11-0370-4188-A4DC-27D7ED1BF7CA}.Release|Any CPU.ActiveCfg = Release|Any CPU
		{38C03F11-0370-4188-A4DC-27D7ED1BF7CA}.Release|Any CPU.Build.0 = Release|Any CPU
	EndGlobalSection
	GlobalSection(SolutionProperties) = preSolution
		HideSolutionNode = FALSE
	EndGlobalSection
	GlobalSection(ExtensibilityGlobals) = postSolution
		SolutionGuid = {A07FCC81-0DED-4FD0-AE01-85F7FBC484BE}
	EndGlobalSection
EndGlobal
